
Microsoft Visual Studio Solution File, Format Version 12.00
# Visual Studio Version 17
VisualStudioVersion = 17.5.002.0
MinimumVisualStudioVersion = 10.0.40219.1
Project("{9A19103F-16F7-4668-BE54-9A1E7A4F7556}") = "DatabasProjekt", "DatabasProjekt.csproj", "{946C0911-DF08-45FC-B228-5B1DFD025287}"
EndProject
Global
	GlobalSection(SolutionConfigurationPlatforms) = preSolution
		Debug|Any CPU = Debug|Any CPU
		Release|Any CPU = Release|Any CPU
	EndGlobalSection
	GlobalSection(ProjectConfigurationPlatforms) = postSolution
		{946C0911-DF08-45FC-B228-5B1DFD025287}.Debug|Any CPU.ActiveCfg = Debug|Any CPU
		{946C0911-DF08-45FC-B228-5B1DFD025287}.Debug|Any CPU.Build.0 = Debug|Any CPU
		{946C0911-DF08-45FC-B228-5B1DFD025287}.Release|Any CPU.ActiveCfg = Release|Any CPU
		{946C0911-DF08-45FC-B228-5B1DFD025287}.Release|Any CPU.Build.0 = Release|Any CPU
	EndGlobalSection
	GlobalSection(SolutionProperties) = preSolution
		HideSolutionNode = FALSE
	EndGlobalSection
	GlobalSection(ExtensibilityGlobals) = postSolution
		SolutionGuid = {1BB78E8F-EEC9-41D0-8DEE-DEFA4E4F59DE}
	EndGlobalSection
EndGlobal
